
Microsoft Visual Studio Solution File, Format Version 12.00
# Visual Studio 15
Project("{FAE04EC0-301F-11D3-BF4B-00C04F79EFBC}") = "Assembly-CSharp", "Assembly-CSharp.csproj", "{0EB2A917-818A-A9F8-F1EF-E428FED0A8AC}"
EndProject
Project("{FAE04EC0-301F-11D3-BF4B-00C04F79EFBC}") = "Mirror", "Mirror.csproj", "{1A7B17EC-4C7F-37B5-42B6-7C82E6700B47}"
EndProject
Project("{FAE04EC0-301F-11D3-BF4B-00C04F79EFBC}") = "kcp2k", "kcp2k.csproj", "{53238E76-FA75-52FE-E934-207C1AECDB93}"
EndProject
Project("{FAE04EC0-301F-11D3-BF4B-00C04F79EFBC}") = "Mirror.Examples", "Mirror.Examples.csproj", "{D141D13D-8A04-B58E-6F68-5E03AEB65A8E}"
EndProject
Project("{FAE04EC0-301F-11D3-BF4B-00C04F79EFBC}") = "Telepathy", "Telepathy.csproj", "{2E86D3D1-2D42-6668-6159-CCEB2296313F}"
EndProject
Project("{FAE04EC0-301F-11D3-BF4B-00C04F79EFBC}") = "SimpleWebTransport", "SimpleWebTransport.csproj", "{E838B64D-BE13-9AF6-3E5F-105C87F6844E}"
EndProject
Project("{FAE04EC0-301F-11D3-BF4B-00C04F79EFBC}") = "Mirror.Cloud", "Mirror.Cloud.csproj", "{9A4CAF32-9801-9E80-2C42-7E7BE90118F4}"
EndProject
Project("{FAE04EC0-301F-11D3-BF4B-00C04F79EFBC}") = "Mirror.Components", "Mirror.Components.csproj", "{BE0CDA12-8EB9-5A03-9BCA-05F38F8AC729}"
EndProject
Project("{FAE04EC0-301F-11D3-BF4B-00C04F79EFBC}") = "Mirror.Examples.Cloud.GUI", "Mirror.Examples.Cloud.GUI.csproj", "{A4BBAD14-6A98-5BD9-77E4-1BF016A9F95B}"
EndProject
Project("{FAE04EC0-301F-11D3-BF4B-00C04F79EFBC}") = "Mirror.Examples.Cloud.Pong", "Mirror.Examples.Cloud.Pong.csproj", "{935ED579-4C12-EF9A-E334-F70A02ADD390}"
EndProject
Project("{FAE04EC0-301F-11D3-BF4B-00C04F79EFBC}") = "Mirror.Authenticators", "Mirror.Authenticators.csproj", "{42B04678-7BA4-3534-F903-844A43B3CBEF}"
EndProject
Project("{FAE04EC0-301F-11D3-BF4B-00C04F79EFBC}") = "Mirror.Weaver", "Mirror.Weaver.csproj", "{6FC12247-F902-1C5B-07F6-53676B82A4CA}"
EndProject
Project("{FAE04EC0-301F-11D3-BF4B-00C04F79EFBC}") = "Mirror.Editor", "Mirror.Editor.csproj", "{E7834554-21D0-7AFE-FFA0-FB8DE3EDB2FC}"
EndProject
Project("{FAE04EC0-301F-11D3-BF4B-00C04F79EFBC}") = "Mirror.CompilerSymbols", "Mirror.CompilerSymbols.csproj", "{630AC4C4-2B52-BA5D-3B05-FAE427DC12E6}"
EndProject
Global
	GlobalSection(SolutionConfigurationPlatforms) = preSolution
		Debug|Any CPU = Debug|Any CPU
		Release|Any CPU = Release|Any CPU
	EndGlobalSection
	GlobalSection(ProjectConfigurationPlatforms) = postSolution
		{0EB2A917-818A-A9F8-F1EF-E428FED0A8AC}.Debug|Any CPU.ActiveCfg = Debug|Any CPU
		{0EB2A917-818A-A9F8-F1EF-E428FED0A8AC}.Debug|Any CPU.Build.0 = Debug|Any CPU
		{0EB2A917-818A-A9F8-F1EF-E428FED0A8AC}.Release|Any CPU.ActiveCfg = Release|Any CPU
		{0EB2A917-818A-A9F8-F1EF-E428FED0A8AC}.Release|Any CPU.Build.0 = Release|Any CPU
		{1A7B17EC-4C7F-37B5-42B6-7C82E6700B47}.Debug|Any CPU.ActiveCfg = Debug|Any CPU
		{1A7B17EC-4C7F-37B5-42B6-7C82E6700B47}.Debug|Any CPU.Build.0 = Debug|Any CPU
		{1A7B17EC-4C7F-37B5-42B6-7C82E6700B47}.Release|Any CPU.ActiveCfg = Release|Any CPU
		{1A7B17EC-4C7F-37B5-42B6-7C82E6700B47}.Release|Any CPU.Build.0 = Release|Any CPU
		{53238E76-FA75-52FE-E934-207C1AECDB93}.Debug|Any CPU.ActiveCfg = Debug|Any CPU
		{53238E76-FA75-52FE-E934-207C1AECDB93}.Debug|Any CPU.Build.0 = Debug|Any CPU
		{53238E76-FA75-52FE-E934-207C1AECDB93}.Release|Any CPU.ActiveCfg = Release|Any CPU
		{53238E76-FA75-52FE-E934-207C1AECDB93}.Release|Any CPU.Build.0 = Release|Any CPU
		{D141D13D-8A04-B58E-6F68-5E03AEB65A8E}.Debug|Any CPU.ActiveCfg = Debug|Any CPU
		{D141D13D-8A04-B58E-6F68-5E03AEB65A8E}.Debug|Any CPU.Build.0 = Debug|Any CPU
		{D141D13D-8A04-B58E-6F68-5E03AEB65A8E}.Release|Any CPU.ActiveCfg = Release|Any CPU
		{D141D13D-8A04-B58E-6F68-5E03AEB65A8E}.Release|Any CPU.Build.0 = Release|Any CPU
		{2E86D3D1-2D42-6668-6159-CCEB2296313F}.Debug|Any CPU.ActiveCfg = Debug|Any CPU
		{2E86D3D1-2D42-6668-6159-CCEB2296313F}.Debug|Any CPU.Build.0 = Debug|Any CPU
		{2E86D3D1-2D42-6668-6159-CCEB2296313F}.Release|Any CPU.ActiveCfg = Release|Any CPU
		{2E86D3D1-2D42-6668-6159-CCEB2296313F}.Release|Any CPU.Build.0 = Release|Any CPU
		{E838B64D-BE13-9AF6-3E5F-105C87F6844E}.Debug|Any CPU.ActiveCfg = Debug|Any CPU
		{E838B64D-BE13-9AF6-3E5F-105C87F6844E}.Debug|Any CPU.Build.0 = Debug|Any CPU
		{E838B64D-BE13-9AF6-3E5F-105C87F6844E}.Release|Any CPU.ActiveCfg = Release|Any CPU
		{E838B64D-BE13-9AF6-3E5F-105C87F6844E}.Release|Any CPU.Build.0 = Release|Any CPU
		{9A4CAF32-9801-9E80-2C42-7E7BE90118F4}.Debug|Any CPU.ActiveCfg = Debug|Any CPU
		{9A4CAF32-9801-9E80-2C42-7E7BE90118F4}.Debug|Any CPU.Build.0 = Debug|Any CPU
		{9A4CAF32-9801-9E80-2C42-7E7BE90118F4}.Release|Any CPU.ActiveCfg = Release|Any CPU
		{9A4CAF32-9801-9E80-2C42-7E7BE90118F4}.Release|Any CPU.Build.0 = Release|Any CPU
		{BE0CDA12-8EB9-5A03-9BCA-05F38F8AC729}.Debug|Any CPU.ActiveCfg = Debug|Any CPU
		{BE0CDA12-8EB9-5A03-9BCA-05F38F8AC729}.Debug|Any CPU.Build.0 = Debug|Any CPU
		{BE0CDA12-8EB9-5A03-9BCA-05F38F8AC729}.Release|Any CPU.ActiveCfg = Release|Any CPU
		{BE0CDA12-8EB9-5A03-9BCA-05F38F8AC729}.Release|Any CPU.Build.0 = Release|Any CPU
		{A4BBAD14-6A98-5BD9-77E4-1BF016A9F95B}.Debug|Any CPU.ActiveCfg = Debug|Any CPU
		{A4BBAD14-6A98-5BD9-77E4-1BF016A9F95B}.Debug|Any CPU.Build.0 = Debug|Any CPU
		{A4BBAD14-6A98-5BD9-77E4-1BF016A9F95B}.Release|Any CPU.ActiveCfg = Release|Any CPU
		{A4BBAD14-6A98-5BD9-77E4-1BF016A9F95B}.Release|Any CPU.Build.0 = Release|Any CPU
		{935ED579-4C12-EF9A-E334-F70A02ADD390}.Debug|Any CPU.ActiveCfg = Debug|Any CPU
		{935ED579-4C12-EF9A-E334-F70A02ADD390}.Debug|Any CPU.Build.0 = Debug|Any CPU
		{935ED579-4C12-EF9A-E334-F70A02ADD390}.Release|Any CPU.ActiveCfg = Release|Any CPU
		{935ED579-4C12-EF9A-E334-F70A02ADD390}.Release|Any CPU.Build.0 = Release|Any CPU
		{42B04678-7BA4-3534-F903-844A43B3CBEF}.Debug|Any CPU.ActiveCfg = Debug|Any CPU
		{42B04678-7BA4-3534-F903-844A43B3CBEF}.Debug|Any CPU.Build.0 = Debug|Any CPU
		{42B04678-7BA4-3534-F903-844A43B3CBEF}.Release|Any CPU.ActiveCfg = Release|Any CPU
		{42B04678-7BA4-3534-F903-844A43B3CBEF}.Release|Any CPU.Build.0 = Release|Any CPU
		{6FC12247-F902-1C5B-07F6-53676B82A4CA}.Debug|Any CPU.ActiveCfg = Debug|Any CPU
		{6FC12247-F902-1C5B-07F6-53676B82A4CA}.Debug|Any CPU.Build.0 = Debug|Any CPU
		{6FC12247-F902-1C5B-07F6-53676B82A4CA}.Release|Any CPU.ActiveCfg = Release|Any CPU
		{6FC12247-F902-1C5B-07F6-53676B82A4CA}.Release|Any CPU.Build.0 = Release|Any CPU
		{E7834554-21D0-7AFE-FFA0-FB8DE3EDB2FC}.Debug|Any CPU.ActiveCfg = Debug|Any CPU
		{E7834554-21D0-7AFE-FFA0-FB8DE3EDB2FC}.Debug|Any CPU.Build.0 = Debug|Any CPU
		{E7834554-21D0-7AFE-FFA0-FB8DE3EDB2FC}.Release|Any CPU.ActiveCfg = Release|Any CPU
		{E7834554-21D0-7AFE-FFA0-FB8DE3EDB2FC}.Release|Any CPU.Build.0 = Release|Any CPU
		{630AC4C4-2B52-BA5D-3B05-FAE427DC12E6}.Debug|Any CPU.ActiveCfg = Debug|Any CPU
		{630AC4C4-2B52-BA5D-3B05-FAE427DC12E6}.Debug|Any CPU.Build.0 = Debug|Any CPU
		{630AC4C4-2B52-BA5D-3B05-FAE427DC12E6}.Release|Any CPU.ActiveCfg = Release|Any CPU
		{630AC4C4-2B52-BA5D-3B05-FAE427DC12E6}.Release|Any CPU.Build.0 = Release|Any CPU
	EndGlobalSection
	GlobalSection(SolutionProperties) = preSolution
		HideSolutionNode = FALSE
	EndGlobalSection
EndGlobal
